{
    "name": "src",
    "lockfileVersion": 3,
    "requires": true,
    "packages": {
        "": {
            "devDependencies": {
                "proxyquire": "^2.1.3",
                "sinon": "^18.0.0"
            }
        },
        "node_modules/@sinonjs/commons": {
            "version": "3.0.1",
            "resolved": "https://registry.npmjs.org/@sinonjs/commons/-/commons-3.0.1.tgz",
            "integrity": "sha512-K3mCHKQ9sVh8o1C9cxkwxaOmXoAMlDxC1mYyHrjqOWEcBjYr76t96zL2zlj5dUGZ3HSw240X1qgH3Mjf1yJWpQ==",
            "dev": true,
            "dependencies": {
                "type-detect": "4.0.8"
            }
        },
        "node_modules/@sinonjs/commons/node_modules/type-detect": {
            "version": "4.0.8",
            "resolved": "https://registry.npmjs.org/type-detect/-/type-detect-4.0.8.tgz",
            "integrity": "sha512-0fr/mIH1dlO+x7TlcMy+bIDqKPsw/70tVyeHW787goQjhmqaZe10uwLujubK9q9Lg6Fiho1KUKDYz0Z7k7g5/g==",
            "dev": true,
            "engines": {
                "node": ">=4"
            }
        },
        "node_modules/@sinonjs/fake-timers": {
            "version": "11.2.2",
            "resolved": "https://registry.npmjs.org/@sinonjs/fake-timers/-/fake-timers-11.2.2.tgz",
            "integrity": "sha512-G2piCSxQ7oWOxwGSAyFHfPIsyeJGXYtc6mFbnFA+kRXkiEnTl8c/8jul2S329iFBnDI9HGoeWWAZvuvOkZccgw==",
            "dev": true,
            "dependencies": {
                "@sinonjs/commons": "^3.0.0"
            }
        },
        "node_modules/@sinonjs/samsam": {
            "version": "8.0.0",
            "resolved": "https://registry.npmjs.org/@sinonjs/samsam/-/samsam-8.0.0.tgz",
            "integrity": "sha512-Bp8KUVlLp8ibJZrnvq2foVhP0IVX2CIprMJPK0vqGqgrDa0OHVKeZyBykqskkrdxV6yKBPmGasO8LVjAKR3Gew==",
            "dev": true,
            "dependencies": {
                "@sinonjs/commons": "^2.0.0",
                "lodash.get": "^4.4.2",
                "type-detect": "^4.0.8"
            }
        },
        "node_modules/@sinonjs/samsam/node_modules/@sinonjs/commons": {
            "version": "2.0.0",
            "resolved": "https://registry.npmjs.org/@sinonjs/commons/-/commons-2.0.0.tgz",
            "integrity": "sha512-uLa0j859mMrg2slwQYdO/AkrOfmH+X6LTVmNTS9CqexuE2IvVORIkSpJLqePAbEnKJ77aMmCwr1NUZ57120Xcg==",
            "dev": true,
            "dependencies": {
                "type-detect": "4.0.8"
            }
        },
        "node_modules/@sinonjs/samsam/node_modules/type-detect": {
            "version": "4.0.8",
            "resolved": "https://registry.npmjs.org/type-detect/-/type-detect-4.0.8.tgz",
            "integrity": "sha512-0fr/mIH1dlO+x7TlcMy+bIDqKPsw/70tVyeHW787goQjhmqaZe10uwLujubK9q9Lg6Fiho1KUKDYz0Z7k7g5/g==",
            "dev": true,
            "engines": {
                "node": ">=4"
            }
        },
        "node_modules/@sinonjs/text-encoding": {
            "version": "0.7.2",
            "resolved": "https://registry.npmjs.org/@sinonjs/text-encoding/-/text-encoding-0.7.2.tgz",
            "integrity": "sha512-sXXKG+uL9IrKqViTtao2Ws6dy0znu9sOaP1di/jKGW1M6VssO8vlpXCQcpZ+jisQ1tTFAC5Jo/EOzFbggBagFQ==",
            "dev": true
        },
        "node_modules/fill-keys": {
            "version": "1.0.2",
            "resolved": "https://registry.npmjs.org/fill-keys/-/fill-keys-1.0.2.tgz",
            "integrity": "sha512-tcgI872xXjwFF4xgQmLxi76GnwJG3g/3isB1l4/G5Z4zrbddGpBjqZCO9oEAcB5wX0Hj/5iQB3toxfO7in1hHA==",
            "dev": true,
            "dependencies": {
                "is-object": "~1.0.1",
                "merge-descriptors": "~1.0.0"
            },
            "engines": {
                "node": ">=0.10.0"
            }
        },
        "node_modules/function-bind": {
            "version": "1.1.2",
            "resolved": "https://registry.npmjs.org/function-bind/-/function-bind-1.1.2.tgz",
            "integrity": "sha512-7XHNxH7qX9xG5mIwxkhumTox/MIRNcOgDrxWsMt2pAr23WHp6MrRlN7FBSFpCpr+oVO0F744iUgR82nJMfG2SA==",
            "dev": true,
            "funding": {
                "url": "https://github.com/sponsors/ljharb"
            }
        },
        "node_modules/has-flag": {
            "version": "4.0.0",
            "resolved": "https://registry.npmjs.org/has-flag/-/has-flag-4.0.0.tgz",
            "integrity": "sha512-EykJT/Q1KjTWctppgIAgfSO0tKVuZUjhgMr17kqTumMl6Afv3EISleU7qZUzoXDFTAHTDC4NOoG/ZxU3EvlMPQ==",
            "dev": true,
            "engines": {
                "node": ">=8"
            }
        },
        "node_modules/hasown": {
            "version": "2.0.2",
            "resolved": "https://registry.npmjs.org/hasown/-/hasown-2.0.2.tgz",
            "integrity": "sha512-0hJU9SCPvmMzIBdZFqNPXWa6dqh7WdH0cII9y+CyS8rG3nL48Bclra9HmKhVVUHyPWNH5Y7xDwAB7bfgSjkUMQ==",
            "dev": true,
            "dependencies": {
                "function-bind": "^1.1.2"
            },
            "engines": {
                "node": ">= 0.4"
            }
        },
        "node_modules/is-core-module": {
            "version": "2.15.0",
            "resolved": "https://registry.npmjs.org/is-core-module/-/is-core-module-2.15.0.tgz",
            "integrity": "sha512-Dd+Lb2/zvk9SKy1TGCt1wFJFo/MWBPMX5x7KcvLajWTGuomczdQX61PvY5yK6SVACwpoexWo81IfFyoKY2QnTA==",
            "dev": true,
            "dependencies": {
                "hasown": "^2.0.2"
            },
            "engines": {
                "node": ">= 0.4"
            },
            "funding": {
                "url": "https://github.com/sponsors/ljharb"
            }
        },
        "node_modules/is-object": {
            "version": "1.0.2",
            "resolved": "https://registry.npmjs.org/is-object/-/is-object-1.0.2.tgz",
            "integrity": "sha512-2rRIahhZr2UWb45fIOuvZGpFtz0TyOZLf32KxBbSoUCeZR495zCKlWUKKUByk3geS2eAs7ZAABt0Y/Rx0GiQGA==",
            "dev": true,
            "funding": {
                "url": "https://github.com/sponsors/ljharb"
            }
        },
        "node_modules/just-extend": {
            "version": "6.2.0",
            "resolved": "https://registry.npmjs.org/just-extend/-/just-extend-6.2.0.tgz",
            "integrity": "sha512-cYofQu2Xpom82S6qD778jBDpwvvy39s1l/hrYij2u9AMdQcGRpaBu6kY4mVhuno5kJVi1DAz4aiphA2WI1/OAw==",
            "dev": true
        },
        "node_modules/lodash.get": {
            "version": "4.4.2",
            "resolved": "https://registry.npmjs.org/lodash.get/-/lodash.get-4.4.2.tgz",
            "integrity": "sha512-z+Uw/vLuy6gQe8cfaFWD7p0wVv8fJl3mbzXh33RS+0oW2wvUqiRXiQ69gLWSLpgB5/6sU+r6BlQR0MBILadqTQ==",
            "dev": true
        },
        "node_modules/merge-descriptors": {
            "version": "1.0.3",
            "resolved": "https://registry.npmjs.org/merge-descriptors/-/merge-descriptors-1.0.3.tgz",
            "integrity": "sha512-gaNvAS7TZ897/rVaZ0nMtAyxNyi/pdbjbAwUpFQpN70GqnVfOiXpeUUMKRBmzXaSQ8DdTX4/0ms62r2K+hE6mQ==",
            "dev": true,
            "funding": {
                "url": "https://github.com/sponsors/sindresorhus"
            }
        },
        "node_modules/module-not-found-error": {
            "version": "1.0.1",
            "resolved": "https://registry.npmjs.org/module-not-found-error/-/module-not-found-error-1.0.1.tgz",
            "integrity": "sha512-pEk4ECWQXV6z2zjhRZUongnLJNUeGQJ3w6OQ5ctGwD+i5o93qjRQUk2Rt6VdNeu3sEP0AB4LcfvdebpxBRVr4g==",
            "dev": true
        },
        "node_modules/nise": {
            "version": "6.0.0",
            "resolved": "https://registry.npmjs.org/nise/-/nise-6.0.0.tgz",
            "integrity": "sha512-K8ePqo9BFvN31HXwEtTNGzgrPpmvgciDsFz8aztFjt4LqKO/JeFD8tBOeuDiCMXrIl/m1YvfH8auSpxfaD09wg==",
            "dev": true,
            "dependencies": {
                "@sinonjs/commons": "^3.0.0",
                "@sinonjs/fake-timers": "^11.2.2",
                "@sinonjs/text-encoding": "^0.7.2",
                "just-extend": "^6.2.0",
                "path-to-regexp": "^6.2.1"
            }
        },
        "node_modules/path-parse": {
            "version": "1.0.7",
            "resolved": "https://registry.npmjs.org/path-parse/-/path-parse-1.0.7.tgz",
            "integrity": "sha512-LDJzPVEEEPR+y48z93A0Ed0yXb8pAByGWo/k5YYdYgpY2/2EsOsksJrq7lOHxryrVOn1ejG6oAp8ahvOIQD8sw==",
            "dev": true
        },
        "node_modules/path-to-regexp": {
            "version": "6.2.2",
            "resolved": "https://registry.npmjs.org/path-to-regexp/-/path-to-regexp-6.2.2.tgz",
            "integrity": "sha512-GQX3SSMokngb36+whdpRXE+3f9V8UzyAorlYvOGx87ufGHehNTn5lCxrKtLyZ4Yl/wEKnNnr98ZzOwwDZV5ogw==",
            "dev": true
        },
        "node_modules/proxyquire": {
            "version": "2.1.3",
            "resolved": "https://registry.npmjs.org/proxyquire/-/proxyquire-2.1.3.tgz",
            "integrity": "sha512-BQWfCqYM+QINd+yawJz23tbBM40VIGXOdDw3X344KcclI/gtBbdWF6SlQ4nK/bYhF9d27KYug9WzljHC6B9Ysg==",
            "dev": true,
            "dependencies": {
                "fill-keys": "^1.0.2",
                "module-not-found-error": "^1.0.1",
                "resolve": "^1.11.1"
            }
        },
        "node_modules/resolve": {
            "version": "1.22.8",
            "resolved": "https://registry.npmjs.org/resolve/-/resolve-1.22.8.tgz",
            "integrity": "sha512-oKWePCxqpd6FlLvGV1VU0x7bkPmmCNolxzjMf4NczoDnQcIWrAF+cPtZn5i6n+RfD2d9i0tzpKnG6Yk168yIyw==",
            "dev": true,
            "dependencies": {
                "is-core-module": "^2.13.0",
                "path-parse": "^1.0.7",
                "supports-preserve-symlinks-flag": "^1.0.0"
            },
            "bin": {
                "resolve": "bin/resolve"
            },
            "funding": {
                "url": "https://github.com/sponsors/ljharb"
            }
        },
        "node_modules/sinon": {
            "version": "18.0.0",
            "resolved": "https://registry.npmjs.org/sinon/-/sinon-18.0.0.tgz",
            "integrity": "sha512-+dXDXzD1sBO6HlmZDd7mXZCR/y5ECiEiGCBSGuFD/kZ0bDTofPYc6JaeGmPSF+1j1MejGUWkORbYOLDyvqCWpA==",
            "dev": true,
            "dependencies": {
                "@sinonjs/commons": "^3.0.1",
                "@sinonjs/fake-timers": "^11.2.2",
                "@sinonjs/samsam": "^8.0.0",
                "diff": "^5.2.0",
                "nise": "^6.0.0",
                "supports-color": "^7"
            },
            "funding": {
                "type": "opencollective",
                "url": "https://opencollective.com/sinon"
            }
        },
        "node_modules/sinon/node_modules/diff": {
            "version": "5.2.0",
            "resolved": "https://registry.npmjs.org/diff/-/diff-5.2.0.tgz",
            "integrity": "sha512-uIFDxqpRZGZ6ThOk84hEfqWoHx2devRFvpTZcTHur85vImfaxUbTW9Ryh4CpCuDnToOP1CEtXKIgytHBPVff5A==",
            "dev": true,
            "engines": {
                "node": ">=0.3.1"
            }
        },
        "node_modules/sinon/node_modules/supports-color": {
            "version": "7.2.0",
            "resolved": "https://registry.npmjs.org/supports-color/-/supports-color-7.2.0.tgz",
            "integrity": "sha512-qpCAvRl9stuOHveKsn7HncJRvv501qIacKzQlO/+Lwxc9+0q2wLyv4Dfvt80/DPn2pqOBsJdDiogXGR9+OvwRw==",
            "dev": true,
            "dependencies": {
                "has-flag": "^4.0.0"
            },
            "engines": {
                "node": ">=8"
            }
        },
        "node_modules/supports-preserve-symlinks-flag": {
            "version": "1.0.0",
            "resolved": "https://registry.npmjs.org/supports-preserve-symlinks-flag/-/supports-preserve-symlinks-flag-1.0.0.tgz",
            "integrity": "sha512-ot0WnXS9fgdkgIcePe6RHNk1WA8+muPa6cSjeR3V8K27q9BB1rTE3R1p7Hv0z1ZyAc8s6Vvv8DIyWf681MAt0w==",
            "dev": true,
            "engines": {
                "node": ">= 0.4"
            },
            "funding": {
                "url": "https://github.com/sponsors/ljharb"
            }
        }
    }
}
